
Microsoft Visual Studio Solution File, Format Version 11.00
# Visual Studio 2010
Project("{FAE04EC0-301F-11D3-BF4B-00C04F79EFBC}") = "ThesisB", "Assembly-CSharp.csproj", "{9DCD70FF-4A51-6F96-8712-E241F3CC46BB}"
EndProject
Project("{11348E72-1273-9243-940C-40501E0A46DA}") = "ThesisB", "Assembly-Boo.booproj", "{A35DDBCA-22A4-D69F-09D3-699B0760A259}"
EndProject
Project("{FAE04EC0-301F-11D3-BF4B-00C04F79EFBC}") = "ThesisB", "Assembly-CSharp-Editor.csproj", "{498AE126-3697-83C2-DD67-E617A31FDE7B}"
EndProject
Global
	GlobalSection(SolutionConfigurationPlatforms) = preSolution
		Debug|Any CPU = Debug|Any CPU
		Release|Any CPU = Release|Any CPU
	EndGlobalSection
	GlobalSection(ProjectConfigurationPlatforms) = postSolution
		{9DCD70FF-4A51-6F96-8712-E241F3CC46BB}.Debug|Any CPU.ActiveCfg = Debug|Any CPU
		{9DCD70FF-4A51-6F96-8712-E241F3CC46BB}.Debug|Any CPU.Build.0 = Debug|Any CPU
		{9DCD70FF-4A51-6F96-8712-E241F3CC46BB}.Release|Any CPU.ActiveCfg = Release|Any CPU
		{9DCD70FF-4A51-6F96-8712-E241F3CC46BB}.Release|Any CPU.Build.0 = Release|Any CPU
		{A35DDBCA-22A4-D69F-09D3-699B0760A259}.Debug|Any CPU.ActiveCfg = Debug|Any CPU
		{A35DDBCA-22A4-D69F-09D3-699B0760A259}.Debug|Any CPU.Build.0 = Debug|Any CPU
		{A35DDBCA-22A4-D69F-09D3-699B0760A259}.Release|Any CPU.ActiveCfg = Release|Any CPU
		{A35DDBCA-22A4-D69F-09D3-699B0760A259}.Release|Any CPU.Build.0 = Release|Any CPU
		{498AE126-3697-83C2-DD67-E617A31FDE7B}.Debug|Any CPU.ActiveCfg = Debug|Any CPU
		{498AE126-3697-83C2-DD67-E617A31FDE7B}.Debug|Any CPU.Build.0 = Debug|Any CPU
		{498AE126-3697-83C2-DD67-E617A31FDE7B}.Release|Any CPU.ActiveCfg = Release|Any CPU
		{498AE126-3697-83C2-DD67-E617A31FDE7B}.Release|Any CPU.Build.0 = Release|Any CPU
	EndGlobalSection
	GlobalSection(SolutionProperties) = preSolution
		HideSolutionNode = FALSE
	EndGlobalSection
	GlobalSection(MonoDevelopProperties) = preSolution
		StartupItem = Assembly-CSharp.csproj
	EndGlobalSection
EndGlobal
