
Microsoft Visual Studio Solution File, Format Version 11.00
# Visual Studio 2010
Project("{FAE04EC0-301F-11D3-BF4B-00C04F79EFBC}") = "Roemer", "Assembly-CSharp.csproj", "{C8CF689A-5999-4024-2C69-D4031930B96C}"
EndProject
Project("{FAE04EC0-301F-11D3-BF4B-00C04F79EFBC}") = "Roemer", "Assembly-CSharp-Editor.csproj", "{90610EA5-6487-913C-DDE9-4137439898DE}"
EndProject
Global
	GlobalSection(SolutionConfigurationPlatforms) = preSolution
		Debug|Any CPU = Debug|Any CPU
		Release|Any CPU = Release|Any CPU
	EndGlobalSection
	GlobalSection(ProjectConfigurationPlatforms) = postSolution
		{C8CF689A-5999-4024-2C69-D4031930B96C}.Debug|Any CPU.ActiveCfg = Debug|Any CPU
		{C8CF689A-5999-4024-2C69-D4031930B96C}.Debug|Any CPU.Build.0 = Debug|Any CPU
		{C8CF689A-5999-4024-2C69-D4031930B96C}.Release|Any CPU.ActiveCfg = Release|Any CPU
		{C8CF689A-5999-4024-2C69-D4031930B96C}.Release|Any CPU.Build.0 = Release|Any CPU
		{90610EA5-6487-913C-DDE9-4137439898DE}.Debug|Any CPU.ActiveCfg = Debug|Any CPU
		{90610EA5-6487-913C-DDE9-4137439898DE}.Debug|Any CPU.Build.0 = Debug|Any CPU
		{90610EA5-6487-913C-DDE9-4137439898DE}.Release|Any CPU.ActiveCfg = Release|Any CPU
		{90610EA5-6487-913C-DDE9-4137439898DE}.Release|Any CPU.Build.0 = Release|Any CPU
	EndGlobalSection
	GlobalSection(SolutionProperties) = preSolution
		HideSolutionNode = FALSE
	EndGlobalSection
	GlobalSection(MonoDevelopProperties) = preSolution
		StartupItem = Assembly-CSharp.csproj
	EndGlobalSection
EndGlobal
