
Microsoft Visual Studio Solution File, Format Version 11.00
# Visual Studio 2010
Project("{FAE04EC0-301F-11D3-BF4B-00C04F79EFBC}") = "ThesisA", "Assembly-CSharp.csproj", "{2D741A56-4F6A-8DC2-C28B-E7D395E2B8B5}"
EndProject
Project("{9D65F648-4382-B725-3A89-F14182442DC8}") = "ThesisA", "Assembly-Boo.booproj", "{7A81135F-5D01-6286-47CD-67B8E3B0B0FD}"
EndProject
Project("{FAE04EC0-301F-11D3-BF4B-00C04F79EFBC}") = "ThesisA", "Assembly-CSharp-Editor.csproj", "{B26C195B-4C7F-BD95-D0CD-8CD35EA13D9F}"
EndProject
Global
	GlobalSection(SolutionConfigurationPlatforms) = preSolution
		Debug|Any CPU = Debug|Any CPU
		Release|Any CPU = Release|Any CPU
	EndGlobalSection
	GlobalSection(ProjectConfigurationPlatforms) = postSolution
		{2D741A56-4F6A-8DC2-C28B-E7D395E2B8B5}.Debug|Any CPU.ActiveCfg = Debug|Any CPU
		{2D741A56-4F6A-8DC2-C28B-E7D395E2B8B5}.Debug|Any CPU.Build.0 = Debug|Any CPU
		{2D741A56-4F6A-8DC2-C28B-E7D395E2B8B5}.Release|Any CPU.ActiveCfg = Release|Any CPU
		{2D741A56-4F6A-8DC2-C28B-E7D395E2B8B5}.Release|Any CPU.Build.0 = Release|Any CPU
		{7A81135F-5D01-6286-47CD-67B8E3B0B0FD}.Debug|Any CPU.ActiveCfg = Debug|Any CPU
		{7A81135F-5D01-6286-47CD-67B8E3B0B0FD}.Debug|Any CPU.Build.0 = Debug|Any CPU
		{7A81135F-5D01-6286-47CD-67B8E3B0B0FD}.Release|Any CPU.ActiveCfg = Release|Any CPU
		{7A81135F-5D01-6286-47CD-67B8E3B0B0FD}.Release|Any CPU.Build.0 = Release|Any CPU
		{B26C195B-4C7F-BD95-D0CD-8CD35EA13D9F}.Debug|Any CPU.ActiveCfg = Debug|Any CPU
		{B26C195B-4C7F-BD95-D0CD-8CD35EA13D9F}.Debug|Any CPU.Build.0 = Debug|Any CPU
		{B26C195B-4C7F-BD95-D0CD-8CD35EA13D9F}.Release|Any CPU.ActiveCfg = Release|Any CPU
		{B26C195B-4C7F-BD95-D0CD-8CD35EA13D9F}.Release|Any CPU.Build.0 = Release|Any CPU
	EndGlobalSection
	GlobalSection(SolutionProperties) = preSolution
		HideSolutionNode = FALSE
	EndGlobalSection
	GlobalSection(MonoDevelopProperties) = preSolution
		StartupItem = Assembly-CSharp.csproj
	EndGlobalSection
EndGlobal
